// !$*UTF8*$!
{
	archiveVersion = 1;
	classes = {
	};
	objectVersion = 46;
	objects = {

/* Begin PBXBuildFile section */
		88D74AB91BAA2A2E007FAECC /* AppDelegate.swift in Sources */ = {isa = PBXBuildFile; fileRef = 88D74AB81BAA2A2E007FAECC /* AppDelegate.swift */; };
		88D74ABB1BAA2A2E007FAECC /* ViewController.swift in Sources */ = {isa = PBXBuildFile; fileRef = 88D74ABA1BAA2A2E007FAECC /* ViewController.swift */; };
		88D74ABE1BAA2A2E007FAECC /* Main.storyboard in Resources */ = {isa = PBXBuildFile; fileRef = 88D74ABC1BAA2A2E007FAECC /* Main.storyboard */; };
		88D74AC01BAA2A2E007FAECC /* Images.xcassets in Resources */ = {isa = PBXBuildFile; fileRef = 88D74ABF1BAA2A2E007FAECC /* Images.xcassets */; };
		88D74AC31BAA2A2E007FAECC /* LaunchScreen.xib in Resources */ = {isa = PBXBuildFile; fileRef = 88D74AC11BAA2A2E007FAECC /* LaunchScreen.xib */; };
		88D74ACF1BAA2A2F007FAECC /* ScrollviewExampleTests.swift in Sources */ = {isa = PBXBuildFile; fileRef = 88D74ACE1BAA2A2F007FAECC /* ScrollviewExampleTests.swift */; };
/* End PBXBuildFile section */

/* Begin PBXContainerItemProxy section */
		88D74AC91BAA2A2F007FAECC /* PBXContainerItemProxy */ = {
			isa = PBXContainerItemProxy;
			containerPortal = 88D74AAB1BAA2A2E007FAECC /* Project object */;
			proxyType = 1;
			remoteGlobalIDString = 88D74AB21BAA2A2E007FAECC;
			remoteInfo = ScrollviewExample;
		};
/* End PBXContainerItemProxy section */

/* Begin PBXFileReference section */
		88D74AB31BAA2A2E007FAECC /* ScrollviewExample.app */ = {isa = PBXFileReference; explicitFileType = wrapper.application; includeInIndex = 0; path = ScrollviewExample.app; sourceTree = BUILT_PRODUCTS_DIR; };
		88D74AB71BAA2A2E007FAECC /* Info.plist */ = {isa = PBXFileReference; lastKnownFileType = text.plist.xml; path = Info.plist; sourceTree = "<group>"; };
		88D74AB81BAA2A2E007FAECC /* AppDelegate.swift */ = {isa = PBXFileReference; lastKnownFileType = sourcecode.swift; path = AppDelegate.swift; sourceTree = "<group>"; };
		88D74ABA1BAA2A2E007FAECC /* ViewController.swift */ = {isa = PBXFileReference; lastKnownFileType = sourcecode.swift; path = ViewController.swift; sourceTree = "<group>"; };
		88D74ABD1BAA2A2E007FAECC /* Base */ = {isa = PBXFileReference; lastKnownFileType = file.storyboard; name = Base; path = Base.lproj/Main.storyboard; sourceTree = "<group>"; };
		88D74ABF1BAA2A2E007FAECC /* Images.xcassets */ = {isa = PBXFileReference; lastKnownFileType = folder.assetcatalog; path = Images.xcassets; sourceTree = "<group>"; };
		88D74AC21BAA2A2E007FAECC /* Base */ = {isa = PBXFileReference; lastKnownFileType = file.xib; name = Base; path = Base.lproj/LaunchScreen.xib; sourceTree = "<group>"; };
		88D74AC81BAA2A2F007FAECC /* ScrollviewExampleTests.xctest */ = {isa = PBXFileReference; explicitFileType = wrapper.cfbundle; includeInIndex = 0; path = ScrollviewExampleTests.xctest; sourceTree = BUILT_PRODUCTS_DIR; };
		88D74ACD1BAA2A2F007FAECC /* Info.plist */ = {isa = PBXFileReference; lastKnownFileType = text.plist.xml; path = Info.plist; sourceTree = "<group>"; };
		88D74ACE1BAA2A2F007FAECC /* ScrollviewExampleTests.swift */ = {isa = PBXFileReference; lastKnownFileType = sourcecode.swift; path = ScrollviewExampleTests.swift; sourceTree = "<group>"; };
/* End PBXFileReference section */

/* Begin PBXFrameworksBuildPhase section */
		88D74AB01BAA2A2E007FAECC /* Frameworks */ = {
			isa = PBXFrameworksBuildPhase;
			buildActionMask = 2147483647;
			files = (
			);
			runOnlyForDeploymentPostprocessing = 0;
		};
		88D74AC51BAA2A2F007FAECC /* Frameworks */ = {
			isa = PBXFrameworksBuildPhase;
			buildActionMask = 2147483647;
			files = (
			);
			runOnlyForDeploymentPostprocessing = 0;
		};
/* End PBXFrameworksBuildPhase section */

/* Begin PBXGroup section */
		88D74AAA1BAA2A2E007FAECC = {
			isa = PBXGroup;
			children = (
				88D74AB51BAA2A2E007FAECC /* ScrollviewExample */,
				88D74ACB1BAA2A2F007FAECC /* ScrollviewExampleTests */,
				88D74AB41BAA2A2E007FAECC /* Products */,
			);
			sourceTree = "<group>";
		};
		88D74AB41BAA2A2E007FAECC /* Products */ = {
			isa = PBXGroup;
			children = (
				88D74AB31BAA2A2E007FAECC /* ScrollviewExample.app */,
				88D74AC81BAA2A2F007FAECC /* ScrollviewExampleTests.xctest */,
			);
			name = Products;
			sourceTree = "<group>";
		};
		88D74AB51BAA2A2E007FAECC /* ScrollviewExample */ = {
			isa = PBXGroup;
			children = (
				88D74AB81BAA2A2E007FAECC /* AppDelegate.swift */,
				88D74ABA1BAA2A2E007FAECC /* ViewController.swift */,
				88D74ABC1BAA2A2E007FAECC /* Main.storyboard */,
				88D74ABF1BAA2A2E007FAECC /* Images.xcassets */,
				88D74AC11BAA2A2E007FAECC /* LaunchScreen.xib */,
				88D74AB61BAA2A2E007FAECC /* Supporting Files */,
			);
			path = ScrollviewExample;
			sourceTree = "<group>";
		};
		88D74AB61BAA2A2E007FAECC /* Supporting Files */ = {
			isa = PBXGroup;
			children = (
				88D74AB71BAA2A2E007FAECC /* Info.plist */,
			);
			name = "Supporting Files";
			sourceTree = "<group>";
		};
		88D74ACB1BAA2A2F007FAECC /* ScrollviewExampleTests */ = {
			isa = PBXGroup;
			children = (
				88D74ACE1BAA2A2F007FAECC /* ScrollviewExampleTests.swift */,
				88D74ACC1BAA2A2F007FAECC /* Supporting Files */,
			);
			path = ScrollviewExampleTests;
			sourceTree = "<group>";
		};
		88D74ACC1BAA2A2F007FAECC /* Supporting Files */ = {
			isa = PBXGroup;
			children = (
				88D74ACD1BAA2A2F007FAECC /* Info.plist */,
			);
			name = "Supporting Files";
			sourceTree = "<group>";
		};
/* End PBXGroup section */

/* Begin PBXNativeTarget section */
		88D74AB21BAA2A2E007FAECC /* ScrollviewExample */ = {
			isa = PBXNativeTarget;
			buildConfigurationList = 88D74AD21BAA2A2F007FAECC /* Build configuration list for PBXNativeTarget "ScrollviewExample" */;
			buildPhases = (
				88D74AAF1BAA2A2E007FAECC /* Sources */,
				88D74AB01BAA2A2E007FAECC /* Frameworks */,
				88D74AB11BAA2A2E007FAECC /* Resources */,
			);
			buildRules = (
			);
			dependencies = (
			);
			name = ScrollviewExample;
			productName = ScrollviewExample;
			productReference = 88D74AB31BAA2A2E007FAECC /* ScrollviewExample.app */;
			productType = "com.apple.product-type.application";
		};
		88D74AC71BAA2A2F007FAECC /* ScrollviewExampleTests */ = {
			isa = PBXNativeTarget;
			buildConfigurationList = 88D74AD51BAA2A2F007FAECC /* Build configuration list for PBXNativeTarget "ScrollviewExampleTests" */;
			buildPhases = (
				88D74AC41BAA2A2F007FAECC /* Sources */,
				88D74AC51BAA2A2F007FAECC /* Frameworks */,
				88D74AC61BAA2A2F007FAECC /* Resources */,
			);
			buildRules = (
			);
			dependencies = (
				88D74ACA1BAA2A2F007FAECC /* PBXTargetDependency */,
			);
			name = ScrollviewExampleTests;
			productName = ScrollviewExampleTests;
			productReference = 88D74AC81BAA2A2F007FAECC /* ScrollviewExampleTests.xctest */;
			productType = "com.apple.product-type.bundle.unit-test";
		};
/* End PBXNativeTarget section */

/* Begin PBXProject section */
		88D74AAB1BAA2A2E007FAECC /* Project object */ = {
			isa = PBXProject;
			attributes = {
				LastUpgradeCheck = 0640;
				ORGANIZATIONNAME = "travis holt";
				TargetAttributes = {
					88D74AB21BAA2A2E007FAECC = {
						CreatedOnToolsVersion = 6.4;
					};
					88D74AC71BAA2A2F007FAECC = {
						CreatedOnToolsVersion = 6.4;
						TestTargetID = 88D74AB21BAA2A2E007FAECC;
					};
				};
			};
			buildConfigurationList = 88D74AAE1BAA2A2E007FAECC /* Build configuration list for PBXProject "ScrollviewExample" */;
			compatibilityVersion = "Xcode 3.2";
			developmentRegion = English;
			hasScannedForEncodings = 0;
			knownRegions = (
				en,
				Base,
			);
			mainGroup = 88D74AAA1BAA2A2E007FAECC;
			productRefGroup = 88D74AB41BAA2A2E007FAECC /* Products */;
			projectDirPath = "";
			projectRoot = "";
			targets = (
				88D74AB21BAA2A2E007FAECC /* ScrollviewExample */,
				88D74AC71BAA2A2F007FAECC /* ScrollviewExampleTests */,
			);
		};
/* End PBXProject section */

/* Begin PBXResourcesBuildPhase section */
		88D74AB11BAA2A2E007FAECC /* Resources */ = {
			isa = PBXResourcesBuildPhase;
			buildActionMask = 2147483647;
			files = (
				88D74ABE1BAA2A2E007FAECC /* Main.storyboard in Resources */,
				88D74AC31BAA2A2E007FAECC /* LaunchScreen.xib in Resources */,
				88D74AC01BAA2A2E007FAECC /* Images.xcassets in Resources */,
			);
			runOnlyForDeploymentPostprocessing = 0;
		};
		88D74AC61BAA2A2F007FAECC /* Resources */ = {
			isa = PBXResourcesBuildPhase;
			buildActionMask = 2147483647;
			files = (
			);
			runOnlyForDeploymentPostprocessing = 0;
		};
/* End PBXResourcesBuildPhase section */

/* Begin PBXSourcesBuildPhase section */
		88D74AAF1BAA2A2E007FAECC /* Sources */ = {
			isa = PBXSourcesBuildPhase;
			buildActionMask = 2147483647;
			files = (
				88D74ABB1BAA2A2E007FAECC /* ViewController.swift in Sources */,
				88D74AB91BAA2A2E007FAECC /* AppDelegate.swift in Sources */,
			);
			runOnlyForDeploymentPostprocessing = 0;
		};
		88D74AC41BAA2A2F007FAECC /* Sources */ = {
			isa = PBXSourcesBuildPhase;
			buildActionMask = 2147483647;
			files = (
				88D74ACF1BAA2A2F007FAECC /* ScrollviewExampleTests.swift in Sources */,
			);
			runOnlyForDeploymentPostprocessing = 0;
		};
/* End PBXSourcesBuildPhase section */

/* Begin PBXTargetDependency section */
		88D74ACA1BAA2A2F007FAECC /* PBXTargetDependency */ = {
			isa = PBXTargetDependency;
			target = 88D74AB21BAA2A2E007FAECC /* ScrollviewExample */;
			targetProxy = 88D74AC91BAA2A2F007FAECC /* PBXContainerItemProxy */;
		};
/* End PBXTargetDependency section */

/* Begin PBXVariantGroup section */
		88D74ABC1BAA2A2E007FAECC /* Main.storyboard */ = {
			isa = PBXVariantGroup;
			children = (
				88D74ABD1BAA2A2E007FAECC /* Base */,
			);
			name = Main.storyboard;
			sourceTree = "<group>";
		};
		88D74AC11BAA2A2E007FAECC /* LaunchScreen.xib */ = {
			isa = PBXVariantGroup;
			children = (
				88D74AC21BAA2A2E007FAECC /* Base */,
			);
			name = LaunchScreen.xib;
			sourceTree = "<group>";
		};
/* End PBXVariantGroup section */

/* Begin XCBuildConfiguration section */
		88D74AD01BAA2A2F007FAECC /* Debug */ = {
			isa = XCBuildConfiguration;
			buildSettings = {
				ALWAYS_SEARCH_USER_PATHS = NO;
				CLANG_CXX_LANGUAGE_STANDARD = "gnu++0x";
				CLANG_CXX_LIBRARY = "libc++";
				CLANG_ENABLE_MODULES = YES;
				CLANG_ENABLE_OBJC_ARC = YES;
				CLANG_WARN_BOOL_CONVERSION = YES;
				CLANG_WARN_CONSTANT_CONVERSION = YES;
				CLANG_WARN_DIRECT_OBJC_ISA_USAGE = YES_ERROR;
				CLANG_WARN_EMPTY_BODY = YES;
				CLANG_WARN_ENUM_CONVERSION = YES;
				CLANG_WARN_INT_CONVERSION = YES;
				CLANG_WARN_OBJC_ROOT_CLASS = YES_ERROR;
				CLANG_WARN_UNREACHABLE_CODE = YES;
				CLANG_WARN__DUPLICATE_METHOD_MATCH = YES;
				"CODE_SIGN_IDENTITY[sdk=iphoneos*]" = "iPhone Developer";
				COPY_PHASE_STRIP = NO;
				DEBUG_INFORMATION_FORMAT = "dwarf-with-dsym";
				ENABLE_STRICT_OBJC_MSGSEND = YES;
				GCC_C_LANGUAGE_STANDARD = gnu99;
				GCC_DYNAMIC_NO_PIC = NO;
				GCC_NO_COMMON_BLOCKS = YES;
				GCC_OPTIMIZATION_LEVEL = 0;
				GCC_PREPROCESSOR_DEFINITIONS = (
					"DEBUG=1",
					"$(inherited)",
				);
				GCC_SYMBOLS_PRIVATE_EXTERN = NO;
				GCC_WARN_64_TO_32_BIT_CONVERSION = YES;
				GCC_WARN_ABOUT_RETURN_TYPE = YES_ERROR;
				GCC_WARN_UNDECLARED_SELECTOR = YES;
				GCC_WARN_UNINITIALIZED_AUTOS = YES_AGGRESSIVE;
				GCC_WARN_UNUSED_FUNCTION = YES;
				GCC_WARN_UNUSED_VARIABLE = YES;
				IPHONEOS_DEPLOYMENT_TARGET = 8.4;
				MTL_ENABLE_DEBUG_INFO = YES;
				ONLY_ACTIVE_ARCH = YES;
				SDKROOT = iphoneos;
				SWIFT_OPTIMIZATION_LEVEL = "-Onone";
			};
			name = Debug;
		};
		88D74AD11BAA2A2F007FAECC /* Release */ = {
			isa = XCBuildConfiguration;
			buildSettings = {
				ALWAYS_SEARCH_USER_PATHS = NO;
				CLANG_CXX_LANGUAGE_STANDARD = "gnu++0x";
				CLANG_CXX_LIBRARY = "libc++";
				CLANG_ENABLE_MODULES = YES;
				CLANG_ENABLE_OBJC_ARC = YES;
				CLANG_WARN_BOOL_CONVERSION = YES;
				CLANG_WARN_CONSTANT_CONVERSION = YES;
				CLANG_WARN_DIRECT_OBJC_ISA_USAGE = YES_ERROR;
				CLANG_WARN_EMPTY_BODY = YES;
				CLANG_WARN_ENUM_CONVERSION = YES;
				CLANG_WARN_INT_CONVERSION = YES;
				CLANG_WARN_OBJC_ROOT_CLASS = YES_ERROR;
				CLANG_WARN_UNREACHABLE_CODE = YES;
				CLANG_WARN__DUPLICATE_METHOD_MATCH = YES;
				"CODE_SIGN_IDENTITY[sdk=iphoneos*]" = "iPhone Developer";
				COPY_PHASE_STRIP = NO;
				DEBUG_INFORMATION_FORMAT = "dwarf-with-dsym";
				ENABLE_NS_ASSERTIONS = NO;
				ENABLE_STRICT_OBJC_MSGSEND = YES;
				GCC_C_LANGUAGE_STANDARD = gnu99;
				GCC_NO_COMMON_BLOCKS = YES;
				GCC_WARN_64_TO_32_BIT_CONVERSION = YES;
				GCC_WARN_ABOUT_RETURN_TYPE = YES_ERROR;
				GCC_WARN_UNDECLARED_SELECTOR = YES;
				GCC_WARN_UNINITIALIZED_AUTOS = YES_AGGRESSIVE;
				GCC_WARN_UNUSED_FUNCTION = YES;
				GCC_WARN_UNUSED_VARIABLE = YES;
				IPHONEOS_DEPLOYMENT_TARGET = 8.4;
				MTL_ENABLE_DEBUG_INFO = NO;
				SDKROOT = iphoneos;
				VALIDATE_PRODUCT = YES;
			};
			name = Release;
		};
		88D74AD31BAA2A2F007FAECC /* Debug */ = {
			isa = XCBuildConfiguration;
			buildSettings = {
				ASSETCATALOG_COMPILER_APPICON_NAME = AppIcon;
				INFOPLIST_FILE = ScrollviewExample/Info.plist;
				LD_RUNPATH_SEARCH_PATHS = "$(inherited) @executable_path/Frameworks";
				PRODUCT_NAME = "$(TARGET_NAME)";
			};
			name = Debug;
		};
		88D74AD41BAA2A2F007FAECC /* Release */ = {
			isa = XCBuildConfiguration;
			buildSettings = {
				ASSETCATALOG_COMPILER_APPICON_NAME = AppIcon;
				INFOPLIST_FILE = ScrollviewExample/Info.plist;
				LD_RUNPATH_SEARCH_PATHS = "$(inherited) @executable_path/Frameworks";
				PRODUCT_NAME = "$(TARGET_NAME)";
			};
			name = Release;
		};
		88D74AD61BAA2A2F007FAECC /* Debug */ = {
			isa = XCBuildConfiguration;
			buildSettings = {
				BUNDLE_LOADER = "$(TEST_HOST)";
				FRAMEWORK_SEARCH_PATHS = (
					"$(SDKROOT)/Developer/Library/Frameworks",
					"$(inherited)",
				);
				GCC_PREPROCESSOR_DEFINITIONS = (
					"DEBUG=1",
					"$(inherited)",
				);
				INFOPLIST_FILE = ScrollviewExampleTests/Info.plist;
				LD_RUNPATH_SEARCH_PATHS = "$(inherited) @executable_path/Frameworks @loader_path/Frameworks";
				PRODUCT_NAME = "$(TARGET_NAME)";
				TEST_HOST = "$(BUILT_PRODUCTS_DIR)/ScrollviewExample.app/ScrollviewExample";
			};
			name = Debug;
		};
		88D74AD71BAA2A2F007FAECC /* Release */ = {
			isa = XCBuildConfiguration;
			buildSettings = {
				BUNDLE_LOADER = "$(TEST_HOST)";
				FRAMEWORK_SEARCH_PATHS = (
					"$(SDKROOT)/Developer/Library/Frameworks",
					"$(inherited)",
				);
				INFOPLIST_FILE = ScrollviewExampleTests/Info.plist;
				LD_RUNPATH_SEARCH_PATHS = "$(inherited) @executable_path/Frameworks @loader_path/Frameworks";
				PRODUCT_NAME = "$(TARGET_NAME)";
				TEST_HOST = "$(BUILT_PRODUCTS_DIR)/ScrollviewExample.app/ScrollviewExample";
			};
			name = Release;
		};
/* End XCBuildConfiguration section */

/* Begin XCConfigurationList section */
		88D74AAE1BAA2A2E007FAECC /* Build configuration list for PBXProject "ScrollviewExample" */ = {
			isa = XCConfigurationList;
			buildConfigurations = (
				88D74AD01BAA2A2F007FAECC /* Debug */,
				88D74AD11BAA2A2F007FAECC /* Release */,
			);
			defaultConfigurationIsVisible = 0;
			defaultConfigurationName = Release;
		};
		88D74AD21BAA2A2F007FAECC /* Build configuration list for PBXNativeTarget "ScrollviewExample" */ = {
			isa = XCConfigurationList;
			buildConfigurations = (
				88D74AD31BAA2A2F007FAECC /* Debug */,
				88D74AD41BAA2A2F007FAECC /* Release */,
			);
			defaultConfigurationIsVisible = 0;
		};
		88D74AD51BAA2A2F007FAECC /* Build configuration list for PBXNativeTarget "ScrollviewExampleTests" */ = {
			isa = XCConfigurationList;
			buildConfigurations = (
				88D74AD61BAA2A2F007FAECC /* Debug */,
				88D74AD71BAA2A2F007FAECC /* Release */,
			);
			defaultConfigurationIsVisible = 0;
		};
/* End XCConfigurationList section */
	};
	rootObject = 88D74AAB1BAA2A2E007FAECC /* Project object */;
}
